Microsoft Visual Studio Solution File, Format Version 12.00
# Visual Studio Version 17
VisualStudioVersion = 17.5.2.0
MinimumVisualStudioVersion = 10.0.40219.1
Project("{FAE04EC0-301F-11D3-BF4B-00C04F79EFBC}") = "NewVivaApi", "NewVivaApi.csproj", "{6DA64D37-3C86-68B9-1B7F-6681B1563486}"
EndProject
Global
	GlobalSection(SolutionConfigurationPlatforms) = preSolution
		Debug|Any CPU = Debug|Any CPU
		Release|Any CPU = Release|Any CPU
	EndGlobalSection
	GlobalSection(ProjectConfigurationPlatforms) = postSolution
		{6DA64D37-3C86-68B9-1B7F-6681B1563486}.Debug|Any CPU.ActiveCfg = Debug|Any CPU
		{6DA64D37-3C86-68B9-1B7F-6681B1563486}.Debug|Any CPU.Build.0 = Debug|Any CPU
		{6DA64D37-3C86-68B9-1B7F-6681B1563486}.Release|Any CPU.ActiveCfg = Release|Any CPU
		{6DA64D37-3C86-68B9-1B7F-6681B1563486}.Release|Any CPU.Build.0 = Release|Any CPU
	EndGlobalSection
	GlobalSection(SolutionProperties) = preSolution
		HideSolutionNode = FALSE
	EndGlobalSection
	GlobalSection(ExtensibilityGlobals) = postSolution
		SolutionGuid = {8DAB7C98-CD04-4473-BFB2-B774360A5C51}
	EndGlobalSection
EndGlobal
